
Microsoft Visual Studio Solution File, Format Version 12.00
# Visual Studio 15
VisualStudioVersion = 15.0.27428.2037
MinimumVisualStudioVersion = 10.0.40219.1
Project("{FAE04EC0-301F-11D3-BF4B-00C04F79EFBC}") = "IisManagement.Server", "IisManagement.Server\IisManagement.Server.csproj", "{7DAB7E73-D2F4-4E60-A41D-017DC44A239A}"
EndProject
Global
	GlobalSection(SolutionConfigurationPlatforms) = preSolution
		Debug|Any CPU = Debug|Any CPU
		Release|Any CPU = Release|Any CPU
	EndGlobalSection
	GlobalSection(ProjectConfigurationPlatforms) = postSolution
		{7DAB7E73-D2F4-4E60-A41D-017DC44A239A}.Debug|Any CPU.ActiveCfg = Debug|Any CPU
		{7DAB7E73-D2F4-4E60-A41D-017DC44A239A}.Debug|Any CPU.Build.0 = Debug|Any CPU
		{7DAB7E73-D2F4-4E60-A41D-017DC44A239A}.Release|Any CPU.ActiveCfg = Release|Any CPU
		{7DAB7E73-D2F4-4E60-A41D-017DC44A239A}.Release|Any CPU.Build.0 = Release|Any CPU
	EndGlobalSection
	GlobalSection(SolutionProperties) = preSolution
		HideSolutionNode = FALSE
	EndGlobalSection
	GlobalSection(ExtensibilityGlobals) = postSolution
		SolutionGuid = {BA571F76-0203-49E6-A942-FCDDE21E1F76}
	EndGlobalSection
EndGlobal
